
Microsoft Visual Studio Solution File, Format Version 12.00
# Visual Studio 14
VisualStudioVersion = 14.0.25420.1
MinimumVisualStudioVersion = 10.0.40219.1
Project("{FAE04EC0-301F-11D3-BF4B-00C04F79EFBC}") = "GZRYVillageWeb", "GZRYVillageWeb\GZRYVillageWeb.csproj", "{4FADA908-941C-4724-A8F1-C350C12FA295}"
EndProject
Project("{FAE04EC0-301F-11D3-BF4B-00C04F79EFBC}") = "AliyunHelper", "AliyunHelper\AliyunHelper.csproj", "{C64FA6E4-F74F-468A-9692-BBDA8F55DC29}"
EndProject
Project("{FAE04EC0-301F-11D3-BF4B-00C04F79EFBC}") = "Common", "Common\Common.csproj", "{171867EC-FB1D-45F7-98E2-BEA35DA87664}"
EndProject
Project("{FAE04EC0-301F-11D3-BF4B-00C04F79EFBC}") = "DbOpertion", "DbOpertion\DbOpertion.csproj", "{B2E33292-2722-4FF6-9E53-D63B0393E488}"
EndProject
Global
	GlobalSection(SolutionConfigurationPlatforms) = preSolution
		Debug|Any CPU = Debug|Any CPU
		Release|Any CPU = Release|Any CPU
	EndGlobalSection
	GlobalSection(ProjectConfigurationPlatforms) = postSolution
		{4FADA908-941C-4724-A8F1-C350C12FA295}.Debug|Any CPU.ActiveCfg = Debug|Any CPU
		{4FADA908-941C-4724-A8F1-C350C12FA295}.Debug|Any CPU.Build.0 = Debug|Any CPU
		{4FADA908-941C-4724-A8F1-C350C12FA295}.Release|Any CPU.ActiveCfg = Release|Any CPU
		{4FADA908-941C-4724-A8F1-C350C12FA295}.Release|Any CPU.Build.0 = Release|Any CPU
		{C64FA6E4-F74F-468A-9692-BBDA8F55DC29}.Debug|Any CPU.ActiveCfg = Debug|Any CPU
		{C64FA6E4-F74F-468A-9692-BBDA8F55DC29}.Debug|Any CPU.Build.0 = Debug|Any CPU
		{C64FA6E4-F74F-468A-9692-BBDA8F55DC29}.Release|Any CPU.ActiveCfg = Release|Any CPU
		{C64FA6E4-F74F-468A-9692-BBDA8F55DC29}.Release|Any CPU.Build.0 = Release|Any CPU
		{171867EC-FB1D-45F7-98E2-BEA35DA87664}.Debug|Any CPU.ActiveCfg = Debug|Any CPU
		{171867EC-FB1D-45F7-98E2-BEA35DA87664}.Debug|Any CPU.Build.0 = Debug|Any CPU
		{171867EC-FB1D-45F7-98E2-BEA35DA87664}.Release|Any CPU.ActiveCfg = Release|Any CPU
		{171867EC-FB1D-45F7-98E2-BEA35DA87664}.Release|Any CPU.Build.0 = Release|Any CPU
		{B2E33292-2722-4FF6-9E53-D63B0393E488}.Debug|Any CPU.ActiveCfg = Debug|Any CPU
		{B2E33292-2722-4FF6-9E53-D63B0393E488}.Debug|Any CPU.Build.0 = Debug|Any CPU
		{B2E33292-2722-4FF6-9E53-D63B0393E488}.Release|Any CPU.ActiveCfg = Release|Any CPU
		{B2E33292-2722-4FF6-9E53-D63B0393E488}.Release|Any CPU.Build.0 = Release|Any CPU
	EndGlobalSection
	GlobalSection(SolutionProperties) = preSolution
		HideSolutionNode = FALSE
	EndGlobalSection
EndGlobal
